hash: 1493b28edaf8d1be157ac4f404f9734a6af87e6a9168443f0c77c009191cf70c
updated: 2017-10-04T01:05:44.185785537+11:00
imports:
- name: github.com/lucasb-eyer/go-colorful
  version: 231272389856c976b7500c4fffcc52ddf06ff4eb
- name: github.com/lunixbochs/struc
  version: ef56447db6a068ad9e52bc54a1aff5fb9e1ed2dd
- name: github.com/mitchellh/mapstructure
  version: 281073eb9eb092240d33ef253c404f1cca550309
- name: github.com/pdf/golifx
  version: 39f6a66f0b8281f12002b6b1efafee3f5b07a5cc
  subpackages:
  - common
  - protocol
  - protocol/v2/device
  - protocol/v2/packet
  - protocol/v2/shared
- name: github.com/pdf/kodirpc
  version: 9b364fa674f5fe99f37cdbeef74b14f82ea293d0
- name: github.com/prometheus/log
  version: 9a3136781e1ff7bc42736ba4acb81339b1422551
- name: github.com/satori/go.uuid
  version: 6b8e5b55d20d01ad47ecfe98e5171688397c61e9
- name: github.com/Sirupsen/logrus
  version: 4b6ea7319e214d98c938f12692336f7ca9348d6b
- name: golang.org/x/sys
  version: 314a259e304ff91bd6985da2a7149bbf91237993
  subpackages:
  - unix
testImports: []
