github.com/Sirupsen/logrus #v0.8.3
github.com/StreamBoat/kodi_jsonrpc #v2.0.4
github.com/bugsnag/bugsnag-go #72ff9e15e8c5ae52e8db1dd5dd1f77a9f2f1a895
github.com/bugsnag/osext #0dd3f918b21bec95ace9dc86c7e70266cfc5c702
github.com/bugsnag/panicwrap #e5f9854865b9778a45169fc249e99e338d4d6f27
github.com/cpuguy83/go-md2man #71acacd42f85e5e82f70a55327789582a5200a90
github.com/getsentry/raven-go #97c72035b621c19143a3485ff9cd2e588ddeb376
github.com/inconshreveable/mousetrap #76626ae9c91c4f2a10f34cad8ce83ea42c93bb75
github.com/lunixbochs/struc #9c083688fecbcd6c8dea3b2edfddd49f4a7a45ff
github.com/mitchellh/mapstructure #281073eb9eb092240d33ef253c404f1cca550309
github.com/pdf/golifx #v0.3.0
github.com/russross/blackfriday #8cec3a854e68dba10faabbe31c089abf4a3e57a6
github.com/satori/go.uuid #08f0718b61e95ddba0ade3346725fe0e4bf28ca6
github.com/shurcooL/sanitized_anchor_name #244f5ac324cb97e1987ef901a0081a77bfd8e845
github.com/spf13/cobra #8b2293c74173adb0e12df6862c1ea36afac2401f
github.com/spf13/pflag #08b1a584251b5b62f458943640fc8ebd4d50aaa5
github.com/stretchr/objx #1a9d0bb9f541897e62256577b352fdbc1fb4fd94
github.com/stretchr/testify #f3960ab1f9664ecc4e27c78af27cc9063d745a43
github.com/tobi/airbrake-go #a3cdd910a3ffef88a20fbecc10363a520ad61a0a
